PODS:
  - FBSnapshotTestCase (2.1.4):
    - FBSnapshotTestCase/SwiftSupport (= 2.1.4)
  - FBSnapshotTestCase/Core (2.1.4)
  - FBSnapshotTestCase/SwiftSupport (2.1.4):
    - FBSnapshotTestCase/Core
  - StepperView (1.1.0)

DEPENDENCIES:
  - FBSnapshotTestCase (~> 2.1.4)
  - StepperView (from `../`)

SPEC REPOS:
  trunk:
    - FBSnapshotTestCase

EXTERNAL SOURCES:
  StepperView:
    :path: "../"

SPEC CHECKSUMS:
  FBSnapshotTestCase: 094f9f314decbabe373b87cc339bea235a63e07a
  StepperView: 25478de5670fdd777852f8fe90461fabf0b13c4e

PODFILE CHECKSUM: 9f7510adb19f7a52307ff19e961fb8365a7bc522

COCOAPODS: 1.8.4
