// !$*UTF8*$!
{
	archiveVersion = 1;
	classes = {
	};
	objectVersion = 46;
	objects = {

/* Begin PBXBuildFile section */
		1B175A15265B6EAE0008E5A4 /* ExampleView12.swift in Sources */ = {isa = PBXBuildFile; fileRef = 1B175A14265B6EAE0008E5A4 /* ExampleView12.swift */; };
		1B4355C12471D25C0005D2BA /* ExampleView8.swift in Sources */ = {isa = PBXBuildFile; fileRef = 1B4355C02471D25C0005D2BA /* ExampleView8.swift */; };
		1B4874B42467175200B253C6 /* Interface.storyboard in Resources */ = {isa = PBXBuildFile; fileRef = 1B4874B22467175200B253C6 /* Interface.storyboard */; };
		1B4874B62467175300B253C6 /* Assets.xcassets in Resources */ = {isa = PBXBuildFile; fileRef = 1B4874B52467175300B253C6 /* Assets.xcassets */; };
		1B4874BD2467175400B253C6 /* StepperView_Watch Extension.appex in Embed App Extensions */ = {isa = PBXBuildFile; fileRef = 1B4874BC2467175400B253C6 /* StepperView_Watch Extension.appex */; settings = {ATTRIBUTES = (RemoveHeadersOnCopy, ); }; };
		1B4874C22467175400B253C6 /* WatchHostingController.swift in Sources */ = {isa = PBXBuildFile; fileRef = 1B4874C12467175400B253C6 /* WatchHostingController.swift */; };
		1B4874C42467175400B253C6 /* ExtensionDelegate.swift in Sources */ = {isa = PBXBuildFile; fileRef = 1B4874C32467175400B253C6 /* ExtensionDelegate.swift */; };
		1B4874C62467175400B253C6 /* NotificationController.swift in Sources */ = {isa = PBXBuildFile; fileRef = 1B4874C52467175400B253C6 /* NotificationController.swift */; };
		1B4874C82467175400B253C6 /* ComplicationController.swift in Sources */ = {isa = PBXBuildFile; fileRef = 1B4874C72467175400B253C6 /* ComplicationController.swift */; };
		1B4874CA2467175400B253C6 /* Assets.xcassets in Resources */ = {isa = PBXBuildFile; fileRef = 1B4874C92467175400B253C6 /* Assets.xcassets */; };
		1B4874D02467175400B253C6 /* StepperView_Watch.app in Embed Watch Content */ = {isa = PBXBuildFile; fileRef = 1B4874B02467175200B253C6 /* StepperView_Watch.app */; settings = {ATTRIBUTES = (RemoveHeadersOnCopy, ); }; };
		1B4874DB2467B56900B253C6 /* WatchExampleView1.swift in Sources */ = {isa = PBXBuildFile; fileRef = 1B4874DA2467B56900B253C6 /* WatchExampleView1.swift */; };
		1B4874DD2467B59400B253C6 /* WatchExampleView2.swift in Sources */ = {isa = PBXBuildFile; fileRef = 1B4874DC2467B59400B253C6 /* WatchExampleView2.swift */; };
		1B4874DF2467B70600B253C6 /* WatchExampleView3.swift in Sources */ = {isa = PBXBuildFile; fileRef = 1B4874DE2467B70600B253C6 /* WatchExampleView3.swift */; };
		1B4E325426190E39008DB900 /* ExampleView11.swift in Sources */ = {isa = PBXBuildFile; fileRef = 1B4E325326190E38008DB900 /* ExampleView11.swift */; };
		1BA768E225ACC05E00E36EB3 /* ExampleView10.swift in Sources */ = {isa = PBXBuildFile; fileRef = 1BA768E125ACC05D00E36EB3 /* ExampleView10.swift */; };
		1BA9B80C2447DCC8007A6BB9 /* ExampleView5.swift in Sources */ = {isa = PBXBuildFile; fileRef = 1BA9B80B2447DCC8007A6BB9 /* ExampleView5.swift */; };
		1BC9B648248D820A0012F8AC /* ExampleView9.swift in Sources */ = {isa = PBXBuildFile; fileRef = 1BC9B647248D82090012F8AC /* ExampleView9.swift */; };
		1BD0BECE2468C8EF005CE5FE /* WatchExampleView4.swift in Sources */ = {isa = PBXBuildFile; fileRef = 1BD0BECD2468C8EF005CE5FE /* WatchExampleView4.swift */; };
		1BD0BED32469C574005CE5FE /* ExampleView7.swift in Sources */ = {isa = PBXBuildFile; fileRef = 1BD0BED22469C574005CE5FE /* ExampleView7.swift */; };
		1BD0BEDB246A27A4005CE5FE /* WatchExampleView5.swift in Sources */ = {isa = PBXBuildFile; fileRef = 1BD0BEDA246A27A4005CE5FE /* WatchExampleView5.swift */; };
		1BD42F2624552D3F008D4DAB /* ExampleView6.swift in Sources */ = {isa = PBXBuildFile; fileRef = 1BD42F2524552D3F008D4DAB /* ExampleView6.swift */; };
		1BD7CB6C243FC0CE00F17698 /* ExampleView3.swift in Sources */ = {isa = PBXBuildFile; fileRef = 1BD7CB6B243FC0CE00F17698 /* ExampleView3.swift */; };
		1BD7CB70243FCD4800F17698 /* ImageTextRowView.swift in Sources */ = {isa = PBXBuildFile; fileRef = 1BD7CB6F243FCD4800F17698 /* ImageTextRowView.swift */; };
		1BD7CB74244102C700F17698 /* ExampleView4.swift in Sources */ = {isa = PBXBuildFile; fileRef = 1BD7CB73244102C700F17698 /* ExampleView4.swift */; };
		1BD7CB76244103A100F17698 /* ExampleView.swift in Sources */ = {isa = PBXBuildFile; fileRef = 1BD7CB75244103A100F17698 /* ExampleView.swift */; };
		1BD7CB9524465A0B00F17698 /* ImageTextRowView.swift in Sources */ = {isa = PBXBuildFile; fileRef = 1BD7CB6F243FCD4800F17698 /* ImageTextRowView.swift */; };
		1BD7CB9624465AC700F17698 /* StepperContentView.swift in Sources */ = {isa = PBXBuildFile; fileRef = 1BF933B6243D24EB00F2FEA6 /* StepperContentView.swift */; };
		1BED688324577722000035BD /* FurtherReadingView.swift in Sources */ = {isa = PBXBuildFile; fileRef = 1BED688224577722000035BD /* FurtherReadingView.swift */; };
		1BED68842457818B000035BD /* FurtherReadingView.swift in Sources */ = {isa = PBXBuildFile; fileRef = 1BED688224577722000035BD /* FurtherReadingView.swift */; };
		1BF00786244A489B00DE5BF9 /* StepTextView.swift in Sources */ = {isa = PBXBuildFile; fileRef = 1BD7CB912446585500F17698 /* StepTextView.swift */; };
		1BF00787244A48A700DE5BF9 /* StepTextView.swift in Sources */ = {isa = PBXBuildFile; fileRef = 1BD7CB912446585500F17698 /* StepTextView.swift */; };
		1BF0B9EE2439BB7D00492C74 /* ExampleView1.swift in Sources */ = {isa = PBXBuildFile; fileRef = 1BF0B9ED2439BB7D00492C74 /* ExampleView1.swift */; };
		1BF933B7243D24EB00F2FEA6 /* StepperContentView.swift in Sources */ = {isa = PBXBuildFile; fileRef = 1BF933B6243D24EB00F2FEA6 /* StepperContentView.swift */; };
		1BF933BF243E5C8800F2FEA6 /* ExampleView2.swift in Sources */ = {isa = PBXBuildFile; fileRef = 1BF933BE243E5C8800F2FEA6 /* ExampleView2.swift */; };
		20BDC361DF72631BABC543D6 /* Pods_StepperView_Tests.framework in Frameworks */ = {isa = PBXBuildFile; fileRef = E47EEBED506994AA1B0E951E /* Pods_StepperView_Tests.framework */; };
		25CAAB7E1B5A4AE2502E4710 /* Pods_StepperView_Watch.framework in Frameworks */ = {isa = PBXBuildFile; fileRef = 4C7CA423FCBC8058C152690A /* Pods_StepperView_Watch.framework */; };
		607FACD61AFB9204008FA782 /* AppDelegate.swift in Sources */ = {isa = PBXBuildFile; fileRef = 607FACD51AFB9204008FA782 /* AppDelegate.swift */; };
		607FACD81AFB9204008FA782 /* ViewController.swift in Sources */ = {isa = PBXBuildFile; fileRef = 607FACD71AFB9204008FA782 /* ViewController.swift */; };
		607FACDB1AFB9204008FA782 /* Main.storyboard in Resources */ = {isa = PBXBuildFile; fileRef = 607FACD91AFB9204008FA782 /* Main.storyboard */; };
		607FACDD1AFB9204008FA782 /* Images.xcassets in Resources */ = {isa = PBXBuildFile; fileRef = 607FACDC1AFB9204008FA782 /* Images.xcassets */; };
		607FACE01AFB9204008FA782 /* LaunchScreen.xib in Resources */ = {isa = PBXBuildFile; fileRef = 607FACDE1AFB9204008FA782 /* LaunchScreen.xib */; };
		607FACEC1AFB9204008FA782 /* StepperViewTests.swift in Sources */ = {isa = PBXBuildFile; fileRef = 607FACEB1AFB9204008FA782 /* StepperViewTests.swift */; };
		872EC54461A72FF55CCE6791 /* Pods_StepperView_Watch_Extension.framework in Frameworks */ = {isa = PBXBuildFile; fileRef = 872ED7ED42DA6A3F63840795 /* Pods_StepperView_Watch_Extension.framework */; };
		E61131B35914E40DB8BFD50D /* Pods_StepperView_Example.framework in Frameworks */ = {isa = PBXBuildFile; fileRef = 67C4ADB2CA3E6EACDFB4A61A /* Pods_StepperView_Example.framework */; };
/* End PBXBuildFile section */

/* Begin PBXContainerItemProxy section */
		1B4874BE2467175400B253C6 /* PBXContainerItemProxy */ = {
			isa = PBXContainerItemProxy;
			containerPortal = 607FACC81AFB9204008FA782 /* Project object */;
			proxyType = 1;
			remoteGlobalIDString = 1B4874BB2467175400B253C6;
			remoteInfo = "StepperView_Watch Extension";
		};
		1B4874CD2467175400B253C6 /* PBXContainerItemProxy */ = {
			isa = PBXContainerItemProxy;
			containerPortal = 607FACC81AFB9204008FA782 /* Project object */;
			proxyType = 1;
			remoteGlobalIDString = 1B4874AF2467175200B253C6;
			remoteInfo = StepperView_Watch;
		};
		607FACE61AFB9204008FA782 /* PBXContainerItemProxy */ = {
			isa = PBXContainerItemProxy;
			containerPortal = 607FACC81AFB9204008FA782 /* Project object */;
			proxyType = 1;
			remoteGlobalIDString = 607FACCF1AFB9204008FA782;
			remoteInfo = StepperView;
		};
/* End PBXContainerItemProxy section */

/* Begin PBXCopyFilesBuildPhase section */
		1B4874CF2467175400B253C6 /* Embed Watch Content */ = {
			isa = PBXCopyFilesBuildPhase;
			buildActionMask = 2147483647;
			dstPath = "$(CONTENTS_FOLDER_PATH)/Watch";
			dstSubfolderSpec = 16;
			files = (
				1B4874D02467175400B253C6 /* StepperView_Watch.app in Embed Watch Content */,
			);
			name = "Embed Watch Content";
			runOnlyForDeploymentPostprocessing = 0;
		};
		1B4874D32467175400B253C6 /* Embed App Extensions */ = {
			isa = PBXCopyFilesBuildPhase;
			buildActionMask = 2147483647;
			dstPath = "";
			dstSubfolderSpec = 13;
			files = (
				1B4874BD2467175400B253C6 /* StepperView_Watch Extension.appex in Embed App Extensions */,
			);
			name = "Embed App Extensions";
			runOnlyForDeploymentPostprocessing = 0;
		};
/* End PBXCopyFilesBuildPhase section */

/* Begin PBXFileReference section */
		1098E6FABACE76815832C82C /* Pods-StepperView_Watch Extension.debug.xcconfig */ = {isa = PBXFileReference; includeInIndex = 1; lastKnownFileType = text.xcconfig; name = "Pods-StepperView_Watch Extension.debug.xcconfig"; path = "Target Support Files/Pods-StepperView_Watch Extension/Pods-StepperView_Watch Extension.debug.xcconfig"; sourceTree = "<group>"; };
		15E48D7C4930C791708D715C /* LICENSE */ = {isa = PBXFileReference; includeInIndex = 1; lastKnownFileType = text; name = LICENSE; path = ../LICENSE; sourceTree = "<group>"; };
		1B175A14265B6EAE0008E5A4 /* ExampleView12.swift */ = {isa = PBXFileReference; lastKnownFileType = sourcecode.swift; path = ExampleView12.swift; sourceTree = "<group>"; };
		1B4355C02471D25C0005D2BA /* ExampleView8.swift */ = {isa = PBXFileReference; lastKnownFileType = sourcecode.swift; path = ExampleView8.swift; sourceTree = "<group>"; };
		1B4874B02467175200B253C6 /* StepperView_Watch.app */ = {isa = PBXFileReference; explicitFileType = wrapper.application; includeInIndex = 0; path = StepperView_Watch.app; sourceTree = BUILT_PRODUCTS_DIR; };
		1B4874B32467175200B253C6 /* Base */ = {isa = PBXFileReference; lastKnownFileType = file.storyboard; name = Base; path = Base.lproj/Interface.storyboard; sourceTree = "<group>"; };
		1B4874B52467175300B253C6 /* Assets.xcassets */ = {isa = PBXFileReference; lastKnownFileType = folder.assetcatalog; path = Assets.xcassets; sourceTree = "<group>"; };
		1B4874B72467175300B253C6 /* Info.plist */ = {isa = PBXFileReference; lastKnownFileType = text.plist.xml; path = Info.plist; sourceTree = "<group>"; };
		1B4874BC2467175400B253C6 /* StepperView_Watch Extension.appex */ = {isa = PBXFileReference; explicitFileType = "wrapper.app-extension"; includeInIndex = 0; path = "StepperView_Watch Extension.appex"; sourceTree = BUILT_PRODUCTS_DIR; };
		1B4874C12467175400B253C6 /* WatchHostingController.swift */ = {isa = PBXFileReference; lastKnownFileType = sourcecode.swift; path = WatchHostingController.swift; sourceTree = "<group>"; };
		1B4874C32467175400B253C6 /* ExtensionDelegate.swift */ = {isa = PBXFileReference; lastKnownFileType = sourcecode.swift; path = ExtensionDelegate.swift; sourceTree = "<group>"; };
		1B4874C52467175400B253C6 /* NotificationController.swift */ = {isa = PBXFileReference; lastKnownFileType = sourcecode.swift; path = NotificationController.swift; sourceTree = "<group>"; };
		1B4874C72467175400B253C6 /* ComplicationController.swift */ = {isa = PBXFileReference; lastKnownFileType = sourcecode.swift; path = ComplicationController.swift; sourceTree = "<group>"; };
		1B4874C92467175400B253C6 /* Assets.xcassets */ = {isa = PBXFileReference; lastKnownFileType = folder.assetcatalog; path = Assets.xcassets; sourceTree = "<group>"; };
		1B4874CB2467175400B253C6 /* Info.plist */ = {isa = PBXFileReference; lastKnownFileType = text.plist.xml; path = Info.plist; sourceTree = "<group>"; };
		1B4874CC2467175400B253C6 /* PushNotificationPayload.apns */ = {isa = PBXFileReference; lastKnownFileType = text; path = PushNotificationPayload.apns; sourceTree = "<group>"; };
		1B4874DA2467B56900B253C6 /* WatchExampleView1.swift */ = {isa = PBXFileReference; lastKnownFileType = sourcecode.swift; path = WatchExampleView1.swift; sourceTree = "<group>"; };
		1B4874DC2467B59400B253C6 /* WatchExampleView2.swift */ = {isa = PBXFileReference; lastKnownFileType = sourcecode.swift; path = WatchExampleView2.swift; sourceTree = "<group>"; };
		1B4874DE2467B70600B253C6 /* WatchExampleView3.swift */ = {isa = PBXFileReference; lastKnownFileType = sourcecode.swift; path = WatchExampleView3.swift; sourceTree = "<group>"; };
		1B4E325326190E38008DB900 /* ExampleView11.swift */ = {isa = PBXFileReference; lastKnownFileType = sourcecode.swift; path = ExampleView11.swift; sourceTree = "<group>"; };
		1BA768E125ACC05D00E36EB3 /* ExampleView10.swift */ = {isa = PBXFileReference; lastKnownFileType = sourcecode.swift; path = ExampleView10.swift; sourceTree = "<group>"; };
		1BA9B80B2447DCC8007A6BB9 /* ExampleView5.swift */ = {isa = PBXFileReference; lastKnownFileType = sourcecode.swift; path = ExampleView5.swift; sourceTree = "<group>"; };
		1BC9B647248D82090012F8AC /* ExampleView9.swift */ = {isa = PBXFileReference; lastKnownFileType = sourcecode.swift; path = ExampleView9.swift; sourceTree = "<group>"; };
		1BD0BECD2468C8EF005CE5FE /* WatchExampleView4.swift */ = {isa = PBXFileReference; lastKnownFileType = sourcecode.swift; path = WatchExampleView4.swift; sourceTree = "<group>"; };
		1BD0BED22469C574005CE5FE /* ExampleView7.swift */ = {isa = PBXFileReference; lastKnownFileType = sourcecode.swift; path = ExampleView7.swift; sourceTree = "<group>"; };
		1BD0BEDA246A27A4005CE5FE /* WatchExampleView5.swift */ = {isa = PBXFileReference; lastKnownFileType = sourcecode.swift; path = WatchExampleView5.swift; sourceTree = "<group>"; };
		1BD42F2524552D3F008D4DAB /* ExampleView6.swift */ = {isa = PBXFileReference; lastKnownFileType = sourcecode.swift; path = ExampleView6.swift; sourceTree = "<group>"; };
		1BD7CB6B243FC0CE00F17698 /* ExampleView3.swift */ = {isa = PBXFileReference; lastKnownFileType = sourcecode.swift; path = ExampleView3.swift; sourceTree = "<group>"; };
		1BD7CB6F243FCD4800F17698 /* ImageTextRowView.swift */ = {isa = PBXFileReference; lastKnownFileType = sourcecode.swift; path = ImageTextRowView.swift; sourceTree = "<group>"; };
		1BD7CB73244102C700F17698 /* ExampleView4.swift */ = {isa = PBXFileReference; lastKnownFileType = sourcecode.swift; path = ExampleView4.swift; sourceTree = "<group>"; };
		1BD7CB75244103A100F17698 /* ExampleView.swift */ = {isa = PBXFileReference; lastKnownFileType = sourcecode.swift; path = ExampleView.swift; sourceTree = "<group>"; };
		1BD7CB912446585500F17698 /* StepTextView.swift */ = {isa = PBXFileReference; lastKnownFileType = sourcecode.swift; path = StepTextView.swift; sourceTree = "<group>"; };
		1BED688224577722000035BD /* FurtherReadingView.swift */ = {isa = PBXFileReference; lastKnownFileType = sourcecode.swift; path = FurtherReadingView.swift; sourceTree = "<group>"; };
		1BF0B9ED2439BB7D00492C74 /* ExampleView1.swift */ = {isa = PBXFileReference; fileEncoding = 4; lastKnownFileType = sourcecode.swift; path = ExampleView1.swift; sourceTree = "<group>"; };
		1BF933B6243D24EB00F2FEA6 /* StepperContentView.swift */ = {isa = PBXFileReference; lastKnownFileType = sourcecode.swift; path = StepperContentView.swift; sourceTree = "<group>"; };
		1BF933BE243E5C8800F2FEA6 /* ExampleView2.swift */ = {isa = PBXFileReference; lastKnownFileType = sourcecode.swift; path = ExampleView2.swift; sourceTree = "<group>"; };
		23D198B1D4FB48AC074EF6A1 /* StepperView.podspec */ = {isa = PBXFileReference; includeInIndex = 1; lastKnownFileType = text; name = StepperView.podspec; path = ../StepperView.podspec; sourceTree = "<group>"; xcLanguageSpecificationIdentifier = xcode.lang.ruby; };
		40675D05E005518E80F843F9 /* Pods-StepperView_Watch.debug.xcconfig */ = {isa = PBXFileReference; includeInIndex = 1; lastKnownFileType = text.xcconfig; name = "Pods-StepperView_Watch.debug.xcconfig"; path = "Target Support Files/Pods-StepperView_Watch/Pods-StepperView_Watch.debug.xcconfig"; sourceTree = "<group>"; };
		4C7CA423FCBC8058C152690A /* Pods_StepperView_Watch.framework */ = {isa = PBXFileReference; explicitFileType = wrapper.framework; includeInIndex = 0; path = Pods_StepperView_Watch.framework; sourceTree = BUILT_PRODUCTS_DIR; };
		5321C8828893A6F8F2BB2A8C /* Pods-StepperView_Watch Extension.release.xcconfig */ = {isa = PBXFileReference; includeInIndex = 1; lastKnownFileType = text.xcconfig; name = "Pods-StepperView_Watch Extension.release.xcconfig"; path = "Target Support Files/Pods-StepperView_Watch Extension/Pods-StepperView_Watch Extension.release.xcconfig"; sourceTree = "<group>"; };
		58E04154CDCE5465A0DF0C50 /* Pods-StepperView_Example.release.xcconfig */ = {isa = PBXFileReference; includeInIndex = 1; lastKnownFileType = text.xcconfig; name = "Pods-StepperView_Example.release.xcconfig"; path = "Target Support Files/Pods-StepperView_Example/Pods-StepperView_Example.release.xcconfig"; sourceTree = "<group>"; };
		607FACD01AFB9204008FA782 /* StepperView_Example.app */ = {isa = PBXFileReference; explicitFileType = wrapper.application; includeInIndex = 0; path = StepperView_Example.app; sourceTree = BUILT_PRODUCTS_DIR; };
		607FACD41AFB9204008FA782 /* Info.plist */ = {isa = PBXFileReference; lastKnownFileType = text.plist.xml; path = Info.plist; sourceTree = "<group>"; };
		607FACD51AFB9204008FA782 /* AppDelegate.swift */ = {isa = PBXFileReference; lastKnownFileType = sourcecode.swift; path = AppDelegate.swift; sourceTree = "<group>"; };
		607FACD71AFB9204008FA782 /* ViewController.swift */ = {isa = PBXFileReference; lastKnownFileType = sourcecode.swift; path = ViewController.swift; sourceTree = "<group>"; };
		607FACDA1AFB9204008FA782 /* Base */ = {isa = PBXFileReference; lastKnownFileType = file.storyboard; name = Base; path = Base.lproj/Main.storyboard; sourceTree = "<group>"; };
		607FACDC1AFB9204008FA782 /* Images.xcassets */ = {isa = PBXFileReference; lastKnownFileType = folder.assetcatalog; path = Images.xcassets; sourceTree = "<group>"; };
		607FACDF1AFB9204008FA782 /* Base */ = {isa = PBXFileReference; lastKnownFileType = file.xib; name = Base; path = Base.lproj/LaunchScreen.xib; sourceTree = "<group>"; };
		607FACE51AFB9204008FA782 /* StepperView_Tests.xctest */ = {isa = PBXFileReference; explicitFileType = wrapper.cfbundle; includeInIndex = 0; path = StepperView_Tests.xctest; sourceTree = BUILT_PRODUCTS_DIR; };
		607FACEA1AFB9204008FA782 /* Info.plist */ = {isa = PBXFileReference; lastKnownFileType = text.plist.xml; path = Info.plist; sourceTree = "<group>"; };
		607FACEB1AFB9204008FA782 /* StepperViewTests.swift */ = {isa = PBXFileReference; lastKnownFileType = sourcecode.swift; path = StepperViewTests.swift; sourceTree = "<group>"; };
		67C4ADB2CA3E6EACDFB4A61A /* Pods_StepperView_Example.framework */ = {isa = PBXFileReference; explicitFileType = wrapper.framework; includeInIndex = 0; path = Pods_StepperView_Example.framework; sourceTree = BUILT_PRODUCTS_DIR; };
		75F24B8A146D2F2CAE5CDD1F /* Pods-StepperView_Watch.release.xcconfig */ = {isa = PBXFileReference; includeInIndex = 1; lastKnownFileType = text.xcconfig; name = "Pods-StepperView_Watch.release.xcconfig"; path = "Target Support Files/Pods-StepperView_Watch/Pods-StepperView_Watch.release.xcconfig"; sourceTree = "<group>"; };
		872ED7ED42DA6A3F63840795 /* Pods_StepperView_Watch_Extension.framework */ = {isa = PBXFileReference; explicitFileType = wrapper.framework; includeInIndex = 0; path = Pods_StepperView_Watch_Extension.framework; sourceTree = BUILT_PRODUCTS_DIR; };
		941FA7FB526F5DDEBA9BAEA4 /* Pods-StepperView_Tests.release.xcconfig */ = {isa = PBXFileReference; includeInIndex = 1; lastKnownFileType = text.xcconfig; name = "Pods-StepperView_Tests.release.xcconfig"; path = "Target Support Files/Pods-StepperView_Tests/Pods-StepperView_Tests.release.xcconfig"; sourceTree = "<group>"; };
		C85ACDC6FD3C17E72A1F01C1 /* README.md */ = {isa = PBXFileReference; includeInIndex = 1; lastKnownFileType = net.daringfireball.markdown; name = README.md; path = ../README.md; sourceTree = "<group>"; };
		D5C1F0FF6A80BE95FDCAA2D7 /* Pods-StepperView_Example.debug.xcconfig */ = {isa = PBXFileReference; includeInIndex = 1; lastKnownFileType = text.xcconfig; name = "Pods-StepperView_Example.debug.xcconfig"; path = "Target Support Files/Pods-StepperView_Example/Pods-StepperView_Example.debug.xcconfig"; sourceTree = "<group>"; };
		E47EEBED506994AA1B0E951E /* Pods_StepperView_Tests.framework */ = {isa = PBXFileReference; explicitFileType = wrapper.framework; includeInIndex = 0; path = Pods_StepperView_Tests.framework; sourceTree = BUILT_PRODUCTS_DIR; };
		F92CD259306E7FB781D6661E /* Pods-StepperView_Tests.debug.xcconfig */ = {isa = PBXFileReference; includeInIndex = 1; lastKnownFileType = text.xcconfig; name = "Pods-StepperView_Tests.debug.xcconfig"; path = "Target Support Files/Pods-StepperView_Tests/Pods-StepperView_Tests.debug.xcconfig"; sourceTree = "<group>"; };
/* End PBXFileReference section */

/* Begin PBXFrameworksBuildPhase section */
		1B4874B92467175400B253C6 /* Frameworks */ = {
			isa = PBXFrameworksBuildPhase;
			buildActionMask = 2147483647;
			files = (
				872EC54461A72FF55CCE6791 /* Pods_StepperView_Watch_Extension.framework in Frameworks */,
			);
			runOnlyForDeploymentPostprocessing = 0;
		};
		607FACCD1AFB9204008FA782 /* Frameworks */ = {
			isa = PBXFrameworksBuildPhase;
			buildActionMask = 2147483647;
			files = (
				E61131B35914E40DB8BFD50D /* Pods_StepperView_Example.framework in Frameworks */,
			);
			runOnlyForDeploymentPostprocessing = 0;
		};
		607FACE21AFB9204008FA782 /* Frameworks */ = {
			isa = PBXFrameworksBuildPhase;
			buildActionMask = 2147483647;
			files = (
				20BDC361DF72631BABC543D6 /* Pods_StepperView_Tests.framework in Frameworks */,
			);
			runOnlyForDeploymentPostprocessing = 0;
		};
		674B19A53080C556C43BA11C /* Frameworks */ = {
			isa = PBXFrameworksBuildPhase;
			buildActionMask = 2147483647;
			files = (
				25CAAB7E1B5A4AE2502E4710 /* Pods_StepperView_Watch.framework in Frameworks */,
			);
			runOnlyForDeploymentPostprocessing = 0;
		};
/* End PBXFrameworksBuildPhase section */

/* Begin PBXGroup section */
		1AD9336ECFE29249BD28CB3C /* Pods */ = {
			isa = PBXGroup;
			children = (
				D5C1F0FF6A80BE95FDCAA2D7 /* Pods-StepperView_Example.debug.xcconfig */,
				58E04154CDCE5465A0DF0C50 /* Pods-StepperView_Example.release.xcconfig */,
				F92CD259306E7FB781D6661E /* Pods-StepperView_Tests.debug.xcconfig */,
				941FA7FB526F5DDEBA9BAEA4 /* Pods-StepperView_Tests.release.xcconfig */,
				40675D05E005518E80F843F9 /* Pods-StepperView_Watch.debug.xcconfig */,
				75F24B8A146D2F2CAE5CDD1F /* Pods-StepperView_Watch.release.xcconfig */,
				1098E6FABACE76815832C82C /* Pods-StepperView_Watch Extension.debug.xcconfig */,
				5321C8828893A6F8F2BB2A8C /* Pods-StepperView_Watch Extension.release.xcconfig */,
			);
			path = Pods;
			sourceTree = "<group>";
		};
		1B4874B12467175200B253C6 /* StepperView_Watch */ = {
			isa = PBXGroup;
			children = (
				1B4874B22467175200B253C6 /* Interface.storyboard */,
				1B4874B52467175300B253C6 /* Assets.xcassets */,
				1B4874B72467175300B253C6 /* Info.plist */,
			);
			path = StepperView_Watch;
			sourceTree = "<group>";
		};
		1B4874C02467175400B253C6 /* StepperView_Watch Extension */ = {
			isa = PBXGroup;
			children = (
				1B4874D92467B55500B253C6 /* Views */,
				1B4874C12467175400B253C6 /* WatchHostingController.swift */,
				1B4874C32467175400B253C6 /* ExtensionDelegate.swift */,
				1B4874C52467175400B253C6 /* NotificationController.swift */,
				1B4874C72467175400B253C6 /* ComplicationController.swift */,
				1B4874C92467175400B253C6 /* Assets.xcassets */,
				1B4874CB2467175400B253C6 /* Info.plist */,
				1B4874CC2467175400B253C6 /* PushNotificationPayload.apns */,
			);
			path = "StepperView_Watch Extension";
			sourceTree = "<group>";
		};
		1B4874D92467B55500B253C6 /* Views */ = {
			isa = PBXGroup;
			children = (
				1B4874DA2467B56900B253C6 /* WatchExampleView1.swift */,
				1B4874DC2467B59400B253C6 /* WatchExampleView2.swift */,
				1B4874DE2467B70600B253C6 /* WatchExampleView3.swift */,
				1BD0BECD2468C8EF005CE5FE /* WatchExampleView4.swift */,
				1BD0BEDA246A27A4005CE5FE /* WatchExampleView5.swift */,
			);
			path = Views;
			sourceTree = "<group>";
		};
		1BD7CB68243F950A00F17698 /* SupportingViews */ = {
			isa = PBXGroup;
			children = (
				1BF933B6243D24EB00F2FEA6 /* StepperContentView.swift */,
				1BD7CB6F243FCD4800F17698 /* ImageTextRowView.swift */,
				1BD7CB912446585500F17698 /* StepTextView.swift */,
				1BED688224577722000035BD /* FurtherReadingView.swift */,
			);
			name = SupportingViews;
			sourceTree = "<group>";
		};
		1BF0B9EF2439C2A500492C74 /* View */ = {
			isa = PBXGroup;
			children = (
				1BD7CB68243F950A00F17698 /* SupportingViews */,
				1BF0B9ED2439BB7D00492C74 /* ExampleView1.swift */,
				1BF933BE243E5C8800F2FEA6 /* ExampleView2.swift */,
				1BD7CB6B243FC0CE00F17698 /* ExampleView3.swift */,
				1BD7CB73244102C700F17698 /* ExampleView4.swift */,
				1BA9B80B2447DCC8007A6BB9 /* ExampleView5.swift */,
				1BD7CB75244103A100F17698 /* ExampleView.swift */,
				1BD42F2524552D3F008D4DAB /* ExampleView6.swift */,
				1BD0BED22469C574005CE5FE /* ExampleView7.swift */,
				1B4355C02471D25C0005D2BA /* ExampleView8.swift */,
				1BC9B647248D82090012F8AC /* ExampleView9.swift */,
				1BA768E125ACC05D00E36EB3 /* ExampleView10.swift */,
				1B4E325326190E38008DB900 /* ExampleView11.swift */,
				1B175A14265B6EAE0008E5A4 /* ExampleView12.swift */,
			);
			name = View;
			sourceTree = "<group>";
		};
		57D9B9CEECF08B7FA0FA70EE /* Frameworks */ = {
			isa = PBXGroup;
			children = (
				67C4ADB2CA3E6EACDFB4A61A /* Pods_StepperView_Example.framework */,
				E47EEBED506994AA1B0E951E /* Pods_StepperView_Tests.framework */,
				4C7CA423FCBC8058C152690A /* Pods_StepperView_Watch.framework */,
				872ED7ED42DA6A3F63840795 /* Pods_StepperView_Watch_Extension.framework */,
			);
			name = Frameworks;
			sourceTree = "<group>";
		};
		607FACC71AFB9204008FA782 = {
			isa = PBXGroup;
			children = (
				607FACF51AFB993E008FA782 /* Podspec Metadata */,
				607FACD21AFB9204008FA782 /* Example */,
				607FACE81AFB9204008FA782 /* Tests */,
				1B4874B12467175200B253C6 /* StepperView_Watch */,
				1B4874C02467175400B253C6 /* StepperView_Watch Extension */,
				607FACD11AFB9204008FA782 /* Products */,
				1AD9336ECFE29249BD28CB3C /* Pods */,
				57D9B9CEECF08B7FA0FA70EE /* Frameworks */,
			);
			sourceTree = "<group>";
		};
		607FACD11AFB9204008FA782 /* Products */ = {
			isa = PBXGroup;
			children = (
				607FACD01AFB9204008FA782 /* StepperView_Example.app */,
				607FACE51AFB9204008FA782 /* StepperView_Tests.xctest */,
				1B4874B02467175200B253C6 /* StepperView_Watch.app */,
				1B4874BC2467175400B253C6 /* StepperView_Watch Extension.appex */,
			);
			name = Products;
			sourceTree = "<group>";
		};
		607FACD21AFB9204008FA782 /* Example */ = {
			isa = PBXGroup;
			children = (
				1BF0B9EF2439C2A500492C74 /* View */,
				607FACD51AFB9204008FA782 /* AppDelegate.swift */,
				607FACD71AFB9204008FA782 /* ViewController.swift */,
				607FACD91AFB9204008FA782 /* Main.storyboard */,
				607FACDC1AFB9204008FA782 /* Images.xcassets */,
				607FACDE1AFB9204008FA782 /* LaunchScreen.xib */,
				607FACD31AFB9204008FA782 /* Supporting Files */,
			);
			name = Example;
			path = StepperView;
			sourceTree = "<group>";
		};
		607FACD31AFB9204008FA782 /* Supporting Files */ = {
			isa = PBXGroup;
			children = (
				607FACD41AFB9204008FA782 /* Info.plist */,
			);
			name = "Supporting Files";
			sourceTree = "<group>";
		};
		607FACE81AFB9204008FA782 /* Tests */ = {
			isa = PBXGroup;
			children = (
				607FACEB1AFB9204008FA782 /* StepperViewTests.swift */,
				607FACE91AFB9204008FA782 /* Supporting Files */,
			);
			path = Tests;
			sourceTree = "<group>";
		};
		607FACE91AFB9204008FA782 /* Supporting Files */ = {
			isa = PBXGroup;
			children = (
				607FACEA1AFB9204008FA782 /* Info.plist */,
			);
			name = "Supporting Files";
			sourceTree = "<group>";
		};
		607FACF51AFB993E008FA782 /* Podspec Metadata */ = {
			isa = PBXGroup;
			children = (
				23D198B1D4FB48AC074EF6A1 /* StepperView.podspec */,
				C85ACDC6FD3C17E72A1F01C1 /* README.md */,
				15E48D7C4930C791708D715C /* LICENSE */,
			);
			name = "Podspec Metadata";
			sourceTree = "<group>";
		};
/* End PBXGroup section */

/* Begin PBXNativeTarget section */
		1B4874AF2467175200B253C6 /* StepperView_Watch */ = {
			isa = PBXNativeTarget;
			buildConfigurationList = 1B4874D72467175400B253C6 /* Build configuration list for PBXNativeTarget "StepperView_Watch" */;
			buildPhases = (
				9F6AE2B193A04E22BBB75347 /* [CP] Check Pods Manifest.lock */,
				1B4874AE2467175200B253C6 /* Resources */,
				1B4874D32467175400B253C6 /* Embed App Extensions */,
				674B19A53080C556C43BA11C /* Frameworks */,
			);
			buildRules = (
			);
			dependencies = (
				1B4874BF2467175400B253C6 /* PBXTargetDependency */,
			);
			name = StepperView_Watch;
			productName = StepperView_Watch;
			productReference = 1B4874B02467175200B253C6 /* StepperView_Watch.app */;
			productType = "com.apple.product-type.application.watchapp2";
		};
		1B4874BB2467175400B253C6 /* StepperView_Watch Extension */ = {
			isa = PBXNativeTarget;
			buildConfigurationList = 1B4874D62467175400B253C6 /* Build configuration list for PBXNativeTarget "StepperView_Watch Extension" */;
			buildPhases = (
				B038051A2B876CEB6C34B59D /* [CP] Check Pods Manifest.lock */,
				1B4874B82467175400B253C6 /* Sources */,
				1B4874B92467175400B253C6 /* Frameworks */,
				1B4874BA2467175400B253C6 /* Resources */,
				4356E7E5AF687C3A60516508 /* [CP] Embed Pods Frameworks */,
			);
			buildRules = (
			);
			dependencies = (
			);
			name = "StepperView_Watch Extension";
			productName = "StepperView_Watch Extension";
			productReference = 1B4874BC2467175400B253C6 /* StepperView_Watch Extension.appex */;
			productType = "com.apple.product-type.watchkit2-extension";
		};
		607FACCF1AFB9204008FA782 /* StepperView_Example */ = {
			isa = PBXNativeTarget;
			buildConfigurationList = 607FACEF1AFB9204008FA782 /* Build configuration list for PBXNativeTarget "StepperView_Example" */;
			buildPhases = (
				D4A9A8FB2036C19AA6909B8E /* [CP] Check Pods Manifest.lock */,
				607FACCC1AFB9204008FA782 /* Sources */,
				607FACCD1AFB9204008FA782 /* Frameworks */,
				607FACCE1AFB9204008FA782 /* Resources */,
				1BD7CB862446170000F17698 /* ShellScript */,
				B65CFE62B4A99BAD5D3964A8 /* [CP] Embed Pods Frameworks */,
				1B4874CF2467175400B253C6 /* Embed Watch Content */,
			);
			buildRules = (
			);
			dependencies = (
				1B4874CE2467175400B253C6 /* PBXTargetDependency */,
			);
			name = StepperView_Example;
			productName = StepperView;
			productReference = 607FACD01AFB9204008FA782 /* StepperView_Example.app */;
			productType = "com.apple.product-type.application";
		};
		607FACE41AFB9204008FA782 /* StepperView_Tests */ = {
			isa = PBXNativeTarget;
			buildConfigurationList = 607FACF21AFB9204008FA782 /* Build configuration list for PBXNativeTarget "StepperView_Tests" */;
			buildPhases = (
				3763B73470357250C03770B9 /* [CP] Check Pods Manifest.lock */,
				607FACE11AFB9204008FA782 /* Sources */,
				607FACE21AFB9204008FA782 /* Frameworks */,
				607FACE31AFB9204008FA782 /* Resources */,
				3EBED215DB4888208FFE8F95 /* [CP] Embed Pods Frameworks */,
			);
			buildRules = (
			);
			dependencies = (
				607FACE71AFB9204008FA782 /* PBXTargetDependency */,
			);
			name = StepperView_Tests;
			productName = Tests;
			productReference = 607FACE51AFB9204008FA782 /* StepperView_Tests.xctest */;
			productType = "com.apple.product-type.bundle.unit-test";
		};
/* End PBXNativeTarget section */

/* Begin PBXProject section */
		607FACC81AFB9204008FA782 /* Project object */ = {
			isa = PBXProject;
			attributes = {
				LastSwiftUpdateCheck = 1130;
				LastUpgradeCheck = 1130;
				ORGANIZATIONNAME = CocoaPods;
				TargetAttributes = {
					1B4874AF2467175200B253C6 = {
						CreatedOnToolsVersion = 11.3;
						ProvisioningStyle = Automatic;
					};
					1B4874BB2467175400B253C6 = {
						CreatedOnToolsVersion = 11.3;
						ProvisioningStyle = Automatic;
					};
					607FACCF1AFB9204008FA782 = {
						CreatedOnToolsVersion = 6.3.1;
						LastSwiftMigration = 1130;
					};
					607FACE41AFB9204008FA782 = {
						CreatedOnToolsVersion = 6.3.1;
						LastSwiftMigration = 1130;
						TestTargetID = 607FACCF1AFB9204008FA782;
					};
				};
			};
			buildConfigurationList = 607FACCB1AFB9204008FA782 /* Build configuration list for PBXProject "StepperView" */;
			compatibilityVersion = "Xcode 3.2";
			developmentRegion = English;
			hasScannedForEncodings = 0;
			knownRegions = (
				English,
				en,
				Base,
			);
			mainGroup = 607FACC71AFB9204008FA782;
			productRefGroup = 607FACD11AFB9204008FA782 /* Products */;
			projectDirPath = "";
			projectRoot = "";
			targets = (
				607FACCF1AFB9204008FA782 /* StepperView_Example */,
				607FACE41AFB9204008FA782 /* StepperView_Tests */,
				1B4874AF2467175200B253C6 /* StepperView_Watch */,
				1B4874BB2467175400B253C6 /* StepperView_Watch Extension */,
			);
		};
/* End PBXProject section */

/* Begin PBXResourcesBuildPhase section */
		1B4874AE2467175200B253C6 /* Resources */ = {
			isa = PBXResourcesBuildPhase;
			buildActionMask = 2147483647;
			files = (
				1B4874B62467175300B253C6 /* Assets.xcassets in Resources */,
				1B4874B42467175200B253C6 /* Interface.storyboard in Resources */,
			);
			runOnlyForDeploymentPostprocessing = 0;
		};
		1B4874BA2467175400B253C6 /* Resources */ = {
			isa = PBXResourcesBuildPhase;
			buildActionMask = 2147483647;
			files = (
				1B4874CA2467175400B253C6 /* Assets.xcassets in Resources */,
			);
			runOnlyForDeploymentPostprocessing = 0;
		};
		607FACCE1AFB9204008FA782 /* Resources */ = {
			isa = PBXResourcesBuildPhase;
			buildActionMask = 2147483647;
			files = (
				607FACDB1AFB9204008FA782 /* Main.storyboard in Resources */,
				607FACE01AFB9204008FA782 /* LaunchScreen.xib in Resources */,
				607FACDD1AFB9204008FA782 /* Images.xcassets in Resources */,
			);
			runOnlyForDeploymentPostprocessing = 0;
		};
		607FACE31AFB9204008FA782 /* Resources */ = {
			isa = PBXResourcesBuildPhase;
			buildActionMask = 2147483647;
			files = (
			);
			runOnlyForDeploymentPostprocessing = 0;
		};
/* End PBXResourcesBuildPhase section */

/* Begin PBXShellScriptBuildPhase section */
		1BD7CB862446170000F17698 /* ShellScript */ = {
			isa = PBXShellScriptBuildPhase;
			buildActionMask = 2147483647;
			files = (
			);
			inputFileListPaths = (
			);
			inputPaths = (
				"",
			);
			outputFileListPaths = (
			);
			outputPaths = (
			);
			runOnlyForDeploymentPostprocessing = 0;
			shellPath = /bin/sh;
			shellScript = "if which swiftlint >/dev/null; then\n  #swiftlint --config ../ + \"$SRCROOT/.swiftlint.yml\"\n  cd .. \n  swiftlint  \nelse\n  echo \"warning: SwiftLint not installed\"\nfi\n";
		};
		3763B73470357250C03770B9 /* [CP] Check Pods Manifest.lock */ = {
			isa = PBXShellScriptBuildPhase;
			buildActionMask = 2147483647;
			files = (
			);
			inputFileListPaths = (
			);
			inputPaths = (
				"${PODS_PODFILE_DIR_PATH}/Podfile.lock",
				"${PODS_ROOT}/Manifest.lock",
			);
			name = "[CP] Check Pods Manifest.lock";
			outputFileListPaths = (
			);
			outputPaths = (
				"$(DERIVED_FILE_DIR)/Pods-StepperView_Tests-checkManifestLockResult.txt",
			);
			runOnlyForDeploymentPostprocessing = 0;
			shellPath = /bin/sh;
			shellScript = "diff \"${PODS_PODFILE_DIR_PATH}/Podfile.lock\" \"${PODS_ROOT}/Manifest.lock\" > /dev/null\nif [ $? != 0 ] ; then\n    # print error to STDERR\n    echo \"error: The sandbox is not in sync with the Podfile.lock. Run 'pod install' or update your CocoaPods installation.\" >&2\n    exit 1\nfi\n# This output is used by Xcode 'outputs' to avoid re-running this script phase.\necho \"SUCCESS\" > \"${SCRIPT_OUTPUT_FILE_0}\"\n";
			showEnvVarsInLog = 0;
		};
		3EBED215DB4888208FFE8F95 /* [CP] Embed Pods Frameworks */ = {
			isa = PBXShellScriptBuildPhase;
			buildActionMask = 2147483647;
			files = (
			);
			inputPaths = (
				"${PODS_ROOT}/Target Support Files/Pods-StepperView_Tests/Pods-StepperView_Tests-frameworks.sh",
				"${BUILT_PRODUCTS_DIR}/SnapshotTesting/SnapshotTesting.framework",
			);
			name = "[CP] Embed Pods Frameworks";
			outputPaths = (
				"${TARGET_BUILD_DIR}/${FRAMEWORKS_FOLDER_PATH}/SnapshotTesting.framework",
			);
			runOnlyForDeploymentPostprocessing = 0;
			shellPath = /bin/sh;
			shellScript = "\"${PODS_ROOT}/Target Support Files/Pods-StepperView_Tests/Pods-StepperView_Tests-frameworks.sh\"\n";
			showEnvVarsInLog = 0;
		};
		4356E7E5AF687C3A60516508 /* [CP] Embed Pods Frameworks */ = {
			isa = PBXShellScriptBuildPhase;
			buildActionMask = 2147483647;
			files = (
			);
			inputPaths = (
				"${PODS_ROOT}/Target Support Files/Pods-StepperView_Watch Extension/Pods-StepperView_Watch Extension-frameworks.sh",
				"${BUILT_PRODUCTS_DIR}/StepperView-watchOS/StepperView.framework",
			);
			name = "[CP] Embed Pods Frameworks";
			outputPaths = (
				"${TARGET_BUILD_DIR}/${FRAMEWORKS_FOLDER_PATH}/StepperView.framework",
			);
			runOnlyForDeploymentPostprocessing = 0;
			shellPath = /bin/sh;
			shellScript = "\"${PODS_ROOT}/Target Support Files/Pods-StepperView_Watch Extension/Pods-StepperView_Watch Extension-frameworks.sh\"\n";
			showEnvVarsInLog = 0;
		};
		9F6AE2B193A04E22BBB75347 /* [CP] Check Pods Manifest.lock */ = {
			isa = PBXShellScriptBuildPhase;
			buildActionMask = 2147483647;
			files = (
			);
			inputFileListPaths = (
			);
			inputPaths = (
				"${PODS_PODFILE_DIR_PATH}/Podfile.lock",
				"${PODS_ROOT}/Manifest.lock",
			);
			name = "[CP] Check Pods Manifest.lock";
			outputFileListPaths = (
			);
			outputPaths = (
				"$(DERIVED_FILE_DIR)/Pods-StepperView_Watch-checkManifestLockResult.txt",
			);
			runOnlyForDeploymentPostprocessing = 0;
			shellPath = /bin/sh;
			shellScript = "diff \"${PODS_PODFILE_DIR_PATH}/Podfile.lock\" \"${PODS_ROOT}/Manifest.lock\" > /dev/null\nif [ $? != 0 ] ; then\n    # print error to STDERR\n    echo \"error: The sandbox is not in sync with the Podfile.lock. Run 'pod install' or update your CocoaPods installation.\" >&2\n    exit 1\nfi\n# This output is used by Xcode 'outputs' to avoid re-running this script phase.\necho \"SUCCESS\" > \"${SCRIPT_OUTPUT_FILE_0}\"\n";
			showEnvVarsInLog = 0;
		};
		B038051A2B876CEB6C34B59D /* [CP] Check Pods Manifest.lock */ = {
			isa = PBXShellScriptBuildPhase;
			buildActionMask = 2147483647;
			files = (
			);
			inputFileListPaths = (
			);
			inputPaths = (
				"${PODS_PODFILE_DIR_PATH}/Podfile.lock",
				"${PODS_ROOT}/Manifest.lock",
			);
			name = "[CP] Check Pods Manifest.lock";
			outputFileListPaths = (
			);
			outputPaths = (
				"$(DERIVED_FILE_DIR)/Pods-StepperView_Watch Extension-checkManifestLockResult.txt",
			);
			runOnlyForDeploymentPostprocessing = 0;
			shellPath = /bin/sh;
			shellScript = "diff \"${PODS_PODFILE_DIR_PATH}/Podfile.lock\" \"${PODS_ROOT}/Manifest.lock\" > /dev/null\nif [ $? != 0 ] ; then\n    # print error to STDERR\n    echo \"error: The sandbox is not in sync with the Podfile.lock. Run 'pod install' or update your CocoaPods installation.\" >&2\n    exit 1\nfi\n# This output is used by Xcode 'outputs' to avoid re-running this script phase.\necho \"SUCCESS\" > \"${SCRIPT_OUTPUT_FILE_0}\"\n";
			showEnvVarsInLog = 0;
		};
		B65CFE62B4A99BAD5D3964A8 /* [CP] Embed Pods Frameworks */ = {
			isa = PBXShellScriptBuildPhase;
			buildActionMask = 2147483647;
			files = (
			);
			inputPaths = (
				"${PODS_ROOT}/Target Support Files/Pods-StepperView_Example/Pods-StepperView_Example-frameworks.sh",
				"${BUILT_PRODUCTS_DIR}/StepperView-iOS/StepperView.framework",
			);
			name = "[CP] Embed Pods Frameworks";
			outputPaths = (
				"${TARGET_BUILD_DIR}/${FRAMEWORKS_FOLDER_PATH}/StepperView.framework",
			);
			runOnlyForDeploymentPostprocessing = 0;
			shellPath = /bin/sh;
			shellScript = "\"${PODS_ROOT}/Target Support Files/Pods-StepperView_Example/Pods-StepperView_Example-frameworks.sh\"\n";
			showEnvVarsInLog = 0;
		};
		D4A9A8FB2036C19AA6909B8E /* [CP] Check Pods Manifest.lock */ = {
			isa = PBXShellScriptBuildPhase;
			buildActionMask = 2147483647;
			files = (
			);
			inputFileListPaths = (
			);
			inputPaths = (
				"${PODS_PODFILE_DIR_PATH}/Podfile.lock",
				"${PODS_ROOT}/Manifest.lock",
			);
			name = "[CP] Check Pods Manifest.lock";
			outputFileListPaths = (
			);
			outputPaths = (
				"$(DERIVED_FILE_DIR)/Pods-StepperView_Example-checkManifestLockResult.txt",
			);
			runOnlyForDeploymentPostprocessing = 0;
			shellPath = /bin/sh;
			shellScript = "diff \"${PODS_PODFILE_DIR_PATH}/Podfile.lock\" \"${PODS_ROOT}/Manifest.lock\" > /dev/null\nif [ $? != 0 ] ; then\n    # print error to STDERR\n    echo \"error: The sandbox is not in sync with the Podfile.lock. Run 'pod install' or update your CocoaPods installation.\" >&2\n    exit 1\nfi\n# This output is used by Xcode 'outputs' to avoid re-running this script phase.\necho \"SUCCESS\" > \"${SCRIPT_OUTPUT_FILE_0}\"\n";
			showEnvVarsInLog = 0;
		};
/* End PBXShellScriptBuildPhase section */

/* Begin PBXSourcesBuildPhase section */
		1B4874B82467175400B253C6 /* Sources */ = {
			isa = PBXSourcesBuildPhase;
			buildActionMask = 2147483647;
			files = (
				1B4874C62467175400B253C6 /* NotificationController.swift in Sources */,
				1BD0BEDB246A27A4005CE5FE /* WatchExampleView5.swift in Sources */,
				1B4874C82467175400B253C6 /* ComplicationController.swift in Sources */,
				1B4874DF2467B70600B253C6 /* WatchExampleView3.swift in Sources */,
				1B4874C42467175400B253C6 /* ExtensionDelegate.swift in Sources */,
				1BD0BECE2468C8EF005CE5FE /* WatchExampleView4.swift in Sources */,
				1B4874C22467175400B253C6 /* WatchHostingController.swift in Sources */,
				1B4874DD2467B59400B253C6 /* WatchExampleView2.swift in Sources */,
				1B4874DB2467B56900B253C6 /* WatchExampleView1.swift in Sources */,
			);
			runOnlyForDeploymentPostprocessing = 0;
		};
		607FACCC1AFB9204008FA782 /* Sources */ = {
			isa = PBXSourcesBuildPhase;
			buildActionMask = 2147483647;
			files = (
				1BD7CB6C243FC0CE00F17698 /* ExampleView3.swift in Sources */,
				1BF933BF243E5C8800F2FEA6 /* ExampleView2.swift in Sources */,
				1BED688324577722000035BD /* FurtherReadingView.swift in Sources */,
				1BA9B80C2447DCC8007A6BB9 /* ExampleView5.swift in Sources */,
				1BD7CB74244102C700F17698 /* ExampleView4.swift in Sources */,
				1BD7CB76244103A100F17698 /* ExampleView.swift in Sources */,
				1BF00787244A48A700DE5BF9 /* StepTextView.swift in Sources */,
				1B4E325426190E39008DB900 /* ExampleView11.swift in Sources */,
				1B175A15265B6EAE0008E5A4 /* ExampleView12.swift in Sources */,
				1BD0BED32469C574005CE5FE /* ExampleView7.swift in Sources */,
				1BD42F2624552D3F008D4DAB /* ExampleView6.swift in Sources */,
				1BD7CB70243FCD4800F17698 /* ImageTextRowView.swift in Sources */,
				1BF933B7243D24EB00F2FEA6 /* StepperContentView.swift in Sources */,
				1B4355C12471D25C0005D2BA /* ExampleView8.swift in Sources */,
				1BF0B9EE2439BB7D00492C74 /* ExampleView1.swift in Sources */,
				1BC9B648248D820A0012F8AC /* ExampleView9.swift in Sources */,
				1BA768E225ACC05E00E36EB3 /* ExampleView10.swift in Sources */,
				607FACD81AFB9204008FA782 /* ViewController.swift in Sources */,
				607FACD61AFB9204008FA782 /* AppDelegate.swift in Sources */,
			);
			runOnlyForDeploymentPostprocessing = 0;
		};
		607FACE11AFB9204008FA782 /* Sources */ = {
			isa = PBXSourcesBuildPhase;
			buildActionMask = 2147483647;
			files = (
				1BD7CB9524465A0B00F17698 /* ImageTextRowView.swift in Sources */,
				1BED68842457818B000035BD /* FurtherReadingView.swift in Sources */,
				1BF00786244A489B00DE5BF9 /* StepTextView.swift in Sources */,
				607FACEC1AFB9204008FA782 /* StepperViewTests.swift in Sources */,
				1BD7CB9624465AC700F17698 /* StepperContentView.swift in Sources */,
			);
			runOnlyForDeploymentPostprocessing = 0;
		};
/* End PBXSourcesBuildPhase section */

/* Begin PBXTargetDependency section */
		1B4874BF2467175400B253C6 /* PBXTargetDependency */ = {
			isa = PBXTargetDependency;
			target = 1B4874BB2467175400B253C6 /* StepperView_Watch Extension */;
			targetProxy = 1B4874BE2467175400B253C6 /* PBXContainerItemProxy */;
		};
		1B4874CE2467175400B253C6 /* PBXTargetDependency */ = {
			isa = PBXTargetDependency;
			target = 1B4874AF2467175200B253C6 /* StepperView_Watch */;
			targetProxy = 1B4874CD2467175400B253C6 /* PBXContainerItemProxy */;
		};
		607FACE71AFB9204008FA782 /* PBXTargetDependency */ = {
			isa = PBXTargetDependency;
			target = 607FACCF1AFB9204008FA782 /* StepperView_Example */;
			targetProxy = 607FACE61AFB9204008FA782 /* PBXContainerItemProxy */;
		};
/* End PBXTargetDependency section */

/* Begin PBXVariantGroup section */
		1B4874B22467175200B253C6 /* Interface.storyboard */ = {
			isa = PBXVariantGroup;
			children = (
				1B4874B32467175200B253C6 /* Base */,
			);
			name = Interface.storyboard;
			sourceTree = "<group>";
		};
		607FACD91AFB9204008FA782 /* Main.storyboard */ = {
			isa = PBXVariantGroup;
			children = (
				607FACDA1AFB9204008FA782 /* Base */,
			);
			name = Main.storyboard;
			sourceTree = "<group>";
		};
		607FACDE1AFB9204008FA782 /* LaunchScreen.xib */ = {
			isa = PBXVariantGroup;
			children = (
				607FACDF1AFB9204008FA782 /* Base */,
			);
			name = LaunchScreen.xib;
			sourceTree = "<group>";
		};
/* End PBXVariantGroup section */

/* Begin XCBuildConfiguration section */
		1B4874D12467175400B253C6 /* Debug */ = {
			isa = XCBuildConfiguration;
			baseConfigurationReference = 40675D05E005518E80F843F9 /* Pods-StepperView_Watch.debug.xcconfig */;
			buildSettings = {
				ALWAYS_EMBED_SWIFT_STANDARD_LIBRARIES = YES;
				ASSETCATALOG_COMPILER_APPICON_NAME = AppIcon;
				CLANG_ANALYZER_NONNULL = YES;
				CLANG_ANALYZER_NUMBER_OBJECT_CONVERSION = YES_AGGRESSIVE;
				CLANG_CXX_LANGUAGE_STANDARD = "gnu++14";
				CLANG_ENABLE_OBJC_WEAK = YES;
				CLANG_WARN_DOCUMENTATION_COMMENTS = YES;
				CLANG_WARN_UNGUARDED_AVAILABILITY = YES_AGGRESSIVE;
				CODE_SIGN_STYLE = Automatic;
				DEBUG_INFORMATION_FORMAT = dwarf;
				GCC_C_LANGUAGE_STANDARD = gnu11;
				IBSC_MODULE = StepperView_Watch_Extension;
				INFOPLIST_FILE = StepperView_Watch/Info.plist;
				MTL_ENABLE_DEBUG_INFO = INCLUDE_SOURCE;
				MTL_FAST_MATH = YES;
				PRODUCT_BUNDLE_IDENTIFIER = "org.cocoapods.demo.StepperView-Example.watchkitapp";
				PRODUCT_NAME = "$(TARGET_NAME)";
				SDKROOT = watchos;
				SKIP_INSTALL = YES;
				SWIFT_ACTIVE_COMPILATION_CONDITIONS = DEBUG;
				SWIFT_VERSION = 5.0;
				TARGETED_DEVICE_FAMILY = 4;
				WATCHOS_DEPLOYMENT_TARGET = 6.1;
			};
			name = Debug;
		};
		1B4874D22467175400B253C6 /* Release */ = {
			isa = XCBuildConfiguration;
			baseConfigurationReference = 75F24B8A146D2F2CAE5CDD1F /* Pods-StepperView_Watch.release.xcconfig */;
			buildSettings = {
				ALWAYS_EMBED_SWIFT_STANDARD_LIBRARIES = YES;
				ASSETCATALOG_COMPILER_APPICON_NAME = AppIcon;
				CLANG_ANALYZER_NONNULL = YES;
				CLANG_ANALYZER_NUMBER_OBJECT_CONVERSION = YES_AGGRESSIVE;
				CLANG_CXX_LANGUAGE_STANDARD = "gnu++14";
				CLANG_ENABLE_OBJC_WEAK = YES;
				CLANG_WARN_DOCUMENTATION_COMMENTS = YES;
				CLANG_WARN_UNGUARDED_AVAILABILITY = YES_AGGRESSIVE;
				CODE_SIGN_STYLE = Automatic;
				GCC_C_LANGUAGE_STANDARD = gnu11;
				IBSC_MODULE = StepperView_Watch_Extension;
				INFOPLIST_FILE = StepperView_Watch/Info.plist;
				MTL_FAST_MATH = YES;
				PRODUCT_BUNDLE_IDENTIFIER = "org.cocoapods.demo.StepperView-Example.watchkitapp";
				PRODUCT_NAME = "$(TARGET_NAME)";
				SDKROOT = watchos;
				SKIP_INSTALL = YES;
				SWIFT_VERSION = 5.0;
				TARGETED_DEVICE_FAMILY = 4;
				WATCHOS_DEPLOYMENT_TARGET = 6.1;
			};
			name = Release;
		};
		1B4874D42467175400B253C6 /* Debug */ = {
			isa = XCBuildConfiguration;
			baseConfigurationReference = 1098E6FABACE76815832C82C /* Pods-StepperView_Watch Extension.debug.xcconfig */;
			buildSettings = {
				ASSETCATALOG_COMPILER_COMPLICATION_NAME = Complication;
				CLANG_ANALYZER_NONNULL = YES;
				CLANG_ANALYZER_NUMBER_OBJECT_CONVERSION = YES_AGGRESSIVE;
				CLANG_CXX_LANGUAGE_STANDARD = "gnu++14";
				CLANG_ENABLE_OBJC_WEAK = YES;
				CLANG_WARN_DOCUMENTATION_COMMENTS = YES;
				CLANG_WARN_UNGUARDED_AVAILABILITY = YES_AGGRESSIVE;
				CODE_SIGN_STYLE = Automatic;
				DEBUG_INFORMATION_FORMAT = dwarf;
				GCC_C_LANGUAGE_STANDARD = gnu11;
				INFOPLIST_FILE = "StepperView_Watch Extension/Info.plist";
				LD_RUNPATH_SEARCH_PATHS = "$(inherited) @executable_path/Frameworks @executable_path/../../Frameworks";
				MTL_ENABLE_DEBUG_INFO = INCLUDE_SOURCE;
				MTL_FAST_MATH = YES;
				PRODUCT_BUNDLE_IDENTIFIER = "org.cocoapods.demo.StepperView-Example.watchkitapp.watchkitextension";
				PRODUCT_NAME = "${TARGET_NAME}";
				SDKROOT = watchos;
				SKIP_INSTALL = YES;
				SWIFT_ACTIVE_COMPILATION_CONDITIONS = DEBUG;
				SWIFT_VERSION = 5.0;
				TARGETED_DEVICE_FAMILY = 4;
				WATCHOS_DEPLOYMENT_TARGET = 6.1;
			};
			name = Debug;
		};
		1B4874D52467175400B253C6 /* Release */ = {
			isa = XCBuildConfiguration;
			baseConfigurationReference = 5321C8828893A6F8F2BB2A8C /* Pods-StepperView_Watch Extension.release.xcconfig */;
			buildSettings = {
				ASSETCATALOG_COMPILER_COMPLICATION_NAME = Complication;
				CLANG_ANALYZER_NONNULL = YES;
				CLANG_ANALYZER_NUMBER_OBJECT_CONVERSION = YES_AGGRESSIVE;
				CLANG_CXX_LANGUAGE_STANDARD = "gnu++14";
				CLANG_ENABLE_OBJC_WEAK = YES;
				CLANG_WARN_DOCUMENTATION_COMMENTS = YES;
				CLANG_WARN_UNGUARDED_AVAILABILITY = YES_AGGRESSIVE;
				CODE_SIGN_STYLE = Automatic;
				GCC_C_LANGUAGE_STANDARD = gnu11;
				INFOPLIST_FILE = "StepperView_Watch Extension/Info.plist";
				LD_RUNPATH_SEARCH_PATHS = "$(inherited) @executable_path/Frameworks @executable_path/../../Frameworks";
				MTL_FAST_MATH = YES;
				PRODUCT_BUNDLE_IDENTIFIER = "org.cocoapods.demo.StepperView-Example.watchkitapp.watchkitextension";
				PRODUCT_NAME = "${TARGET_NAME}";
				SDKROOT = watchos;
				SKIP_INSTALL = YES;
				SWIFT_VERSION = 5.0;
				TARGETED_DEVICE_FAMILY = 4;
				WATCHOS_DEPLOYMENT_TARGET = 6.1;
			};
			name = Release;
		};
		607FACED1AFB9204008FA782 /* Debug */ = {
			isa = XCBuildConfiguration;
			buildSettings = {
				ALWAYS_SEARCH_USER_PATHS = NO;
				CLANG_ANALYZER_LOCALIZABILITY_NONLOCALIZED = YES;
				CLANG_CXX_LANGUAGE_STANDARD = "gnu++0x";
				CLANG_CXX_LIBRARY = "libc++";
				CLANG_ENABLE_MODULES = YES;
				CLANG_ENABLE_OBJC_ARC = YES;
				CLANG_WARN_BLOCK_CAPTURE_AUTORELEASING = YES;
				CLANG_WARN_BOOL_CONVERSION = YES;
				CLANG_WARN_COMMA = YES;
				CLANG_WARN_CONSTANT_CONVERSION = YES;
				CLANG_WARN_DEPRECATED_OBJC_IMPLEMENTATIONS = YES;
				CLANG_WARN_DIRECT_OBJC_ISA_USAGE = YES_ERROR;
				CLANG_WARN_EMPTY_BODY = YES;
				CLANG_WARN_ENUM_CONVERSION = YES;
				CLANG_WARN_INFINITE_RECURSION = YES;
				CLANG_WARN_INT_CONVERSION = YES;
				CLANG_WARN_NON_LITERAL_NULL_CONVERSION = YES;
				CLANG_WARN_OBJC_IMPLICIT_RETAIN_SELF = YES;
				CLANG_WARN_OBJC_LITERAL_CONVERSION = YES;
				CLANG_WARN_OBJC_ROOT_CLASS = YES_ERROR;
				CLANG_WARN_RANGE_LOOP_ANALYSIS = YES;
				CLANG_WARN_STRICT_PROTOTYPES = YES;
				CLANG_WARN_SUSPICIOUS_MOVE = YES;
				CLANG_WARN_UNREACHABLE_CODE = YES;
				CLANG_WARN__DUPLICATE_METHOD_MATCH = YES;
				"CODE_SIGN_IDENTITY[sdk=iphoneos*]" = "iPhone Developer";
				COPY_PHASE_STRIP = NO;
				DEBUG_INFORMATION_FORMAT = "dwarf-with-dsym";
				ENABLE_STRICT_OBJC_MSGSEND = YES;
				ENABLE_TESTABILITY = YES;
				GCC_C_LANGUAGE_STANDARD = gnu99;
				GCC_DYNAMIC_NO_PIC = NO;
				GCC_NO_COMMON_BLOCKS = YES;
				GCC_OPTIMIZATION_LEVEL = 0;
				GCC_PREPROCESSOR_DEFINITIONS = (
					"DEBUG=1",
					"$(inherited)",
				);
				GCC_SYMBOLS_PRIVATE_EXTERN = NO;
				GCC_WARN_64_TO_32_BIT_CONVERSION = YES;
				GCC_WARN_ABOUT_RETURN_TYPE = YES_ERROR;
				GCC_WARN_UNDECLARED_SELECTOR = YES;
				GCC_WARN_UNINITIALIZED_AUTOS = YES_AGGRESSIVE;
				GCC_WARN_UNUSED_FUNCTION = YES;
				GCC_WARN_UNUSED_VARIABLE = YES;
				IPHONEOS_DEPLOYMENT_TARGET = 11.0;
				MTL_ENABLE_DEBUG_INFO = YES;
				ONLY_ACTIVE_ARCH = YES;
				SDKROOT = iphoneos;
				SWIFT_OPTIMIZATION_LEVEL = "-Onone";
			};
			name = Debug;
		};
		607FACEE1AFB9204008FA782 /* Release */ = {
			isa = XCBuildConfiguration;
			buildSettings = {
				ALWAYS_SEARCH_USER_PATHS = NO;
				CLANG_ANALYZER_LOCALIZABILITY_NONLOCALIZED = YES;
				CLANG_CXX_LANGUAGE_STANDARD = "gnu++0x";
				CLANG_CXX_LIBRARY = "libc++";
				CLANG_ENABLE_MODULES = YES;
				CLANG_ENABLE_OBJC_ARC = YES;
				CLANG_WARN_BLOCK_CAPTURE_AUTORELEASING = YES;
				CLANG_WARN_BOOL_CONVERSION = YES;
				CLANG_WARN_COMMA = YES;
				CLANG_WARN_CONSTANT_CONVERSION = YES;
				CLANG_WARN_DEPRECATED_OBJC_IMPLEMENTATIONS = YES;
				CLANG_WARN_DIRECT_OBJC_ISA_USAGE = YES_ERROR;
				CLANG_WARN_EMPTY_BODY = YES;
				CLANG_WARN_ENUM_CONVERSION = YES;
				CLANG_WARN_INFINITE_RECURSION = YES;
				CLANG_WARN_INT_CONVERSION = YES;
				CLANG_WARN_NON_LITERAL_NULL_CONVERSION = YES;
				CLANG_WARN_OBJC_IMPLICIT_RETAIN_SELF = YES;
				CLANG_WARN_OBJC_LITERAL_CONVERSION = YES;
				CLANG_WARN_OBJC_ROOT_CLASS = YES_ERROR;
				CLANG_WARN_RANGE_LOOP_ANALYSIS = YES;
				CLANG_WARN_STRICT_PROTOTYPES = YES;
				CLANG_WARN_SUSPICIOUS_MOVE = YES;
				CLANG_WARN_UNREACHABLE_CODE = YES;
				CLANG_WARN__DUPLICATE_METHOD_MATCH = YES;
				"CODE_SIGN_IDENTITY[sdk=iphoneos*]" = "iPhone Developer";
				COPY_PHASE_STRIP = NO;
				DEBUG_INFORMATION_FORMAT = "dwarf-with-dsym";
				ENABLE_NS_ASSERTIONS = NO;
				ENABLE_STRICT_OBJC_MSGSEND = YES;
				GCC_C_LANGUAGE_STANDARD = gnu99;
				GCC_NO_COMMON_BLOCKS = YES;
				GCC_WARN_64_TO_32_BIT_CONVERSION = YES;
				GCC_WARN_ABOUT_RETURN_TYPE = YES_ERROR;
				GCC_WARN_UNDECLARED_SELECTOR = YES;
				GCC_WARN_UNINITIALIZED_AUTOS = YES_AGGRESSIVE;
				GCC_WARN_UNUSED_FUNCTION = YES;
				GCC_WARN_UNUSED_VARIABLE = YES;
				IPHONEOS_DEPLOYMENT_TARGET = 11.0;
				MTL_ENABLE_DEBUG_INFO = NO;
				SDKROOT = iphoneos;
				SWIFT_OPTIMIZATION_LEVEL = "-Owholemodule";
				VALIDATE_PRODUCT = YES;
			};
			name = Release;
		};
		607FACF01AFB9204008FA782 /* Debug */ = {
			isa = XCBuildConfiguration;
			baseConfigurationReference = D5C1F0FF6A80BE95FDCAA2D7 /* Pods-StepperView_Example.debug.xcconfig */;
			buildSettings = {
				ASSETCATALOG_COMPILER_APPICON_NAME = AppIcon;
				INFOPLIST_FILE = StepperView/Info.plist;
				IPHONEOS_DEPLOYMENT_TARGET = 11.0;
				LD_RUNPATH_SEARCH_PATHS = "$(inherited) @executable_path/Frameworks";
				MODULE_NAME = ExampleApp;
				PRODUCT_BUNDLE_IDENTIFIER = "org.cocoapods.demo.$(PRODUCT_NAME:rfc1034identifier)";
				PRODUCT_NAME = "$(TARGET_NAME)";
				SWIFT_SWIFT3_OBJC_INFERENCE = Default;
				SWIFT_VERSION = 5.0;
			};
			name = Debug;
		};
		607FACF11AFB9204008FA782 /* Release */ = {
			isa = XCBuildConfiguration;
			baseConfigurationReference = 58E04154CDCE5465A0DF0C50 /* Pods-StepperView_Example.release.xcconfig */;
			buildSettings = {
				ASSETCATALOG_COMPILER_APPICON_NAME = AppIcon;
				INFOPLIST_FILE = StepperView/Info.plist;
				IPHONEOS_DEPLOYMENT_TARGET = 11.0;
				LD_RUNPATH_SEARCH_PATHS = "$(inherited) @executable_path/Frameworks";
				MODULE_NAME = ExampleApp;
				PRODUCT_BUNDLE_IDENTIFIER = "org.cocoapods.demo.$(PRODUCT_NAME:rfc1034identifier)";
				PRODUCT_NAME = "$(TARGET_NAME)";
				SWIFT_SWIFT3_OBJC_INFERENCE = Default;
				SWIFT_VERSION = 5.0;
			};
			name = Release;
		};
		607FACF31AFB9204008FA782 /* Debug */ = {
			isa = XCBuildConfiguration;
			baseConfigurationReference = F92CD259306E7FB781D6661E /* Pods-StepperView_Tests.debug.xcconfig */;
			buildSettings = {
				FRAMEWORK_SEARCH_PATHS = (
					"$(PLATFORM_DIR)/Developer/Library/Frameworks",
					"$(inherited)",
				);
				GCC_PREPROCESSOR_DEFINITIONS = (
					"DEBUG=1",
					"$(inherited)",
				);
				INFOPLIST_FILE = Tests/Info.plist;
				LD_RUNPATH_SEARCH_PATHS = "$(inherited) @executable_path/Frameworks @loader_path/Frameworks";
				PRODUCT_BUNDLE_IDENTIFIER = "org.cocoapods.$(PRODUCT_NAME:rfc1034identifier)";
				PRODUCT_NAME = "$(TARGET_NAME)";
				SWIFT_SWIFT3_OBJC_INFERENCE = Default;
				SWIFT_VERSION = 5.0;
				TEST_HOST = "$(BUILT_PRODUCTS_DIR)/StepperView_Example.app/StepperView_Example";
			};
			name = Debug;
		};
		607FACF41AFB9204008FA782 /* Release */ = {
			isa = XCBuildConfiguration;
			baseConfigurationReference = 941FA7FB526F5DDEBA9BAEA4 /* Pods-StepperView_Tests.release.xcconfig */;
			buildSettings = {
				FRAMEWORK_SEARCH_PATHS = (
					"$(PLATFORM_DIR)/Developer/Library/Frameworks",
					"$(inherited)",
				);
				INFOPLIST_FILE = Tests/Info.plist;
				LD_RUNPATH_SEARCH_PATHS = "$(inherited) @executable_path/Frameworks @loader_path/Frameworks";
				PRODUCT_BUNDLE_IDENTIFIER = "org.cocoapods.$(PRODUCT_NAME:rfc1034identifier)";
				PRODUCT_NAME = "$(TARGET_NAME)";
				SWIFT_SWIFT3_OBJC_INFERENCE = Default;
				SWIFT_VERSION = 5.0;
				TEST_HOST = "$(BUILT_PRODUCTS_DIR)/StepperView_Example.app/StepperView_Example";
			};
			name = Release;
		};
/* End XCBuildConfiguration section */

/* Begin XCConfigurationList section */
		1B4874D62467175400B253C6 /* Build configuration list for PBXNativeTarget "StepperView_Watch Extension" */ = {
			isa = XCConfigurationList;
			buildConfigurations = (
				1B4874D42467175400B253C6 /* Debug */,
				1B4874D52467175400B253C6 /* Release */,
			);
			defaultConfigurationIsVisible = 0;
			defaultConfigurationName = Release;
		};
		1B4874D72467175400B253C6 /* Build configuration list for PBXNativeTarget "StepperView_Watch" */ = {
			isa = XCConfigurationList;
			buildConfigurations = (
				1B4874D12467175400B253C6 /* Debug */,
				1B4874D22467175400B253C6 /* Release */,
			);
			defaultConfigurationIsVisible = 0;
			defaultConfigurationName = Release;
		};
		607FACCB1AFB9204008FA782 /* Build configuration list for PBXProject "StepperView" */ = {
			isa = XCConfigurationList;
			buildConfigurations = (
				607FACED1AFB9204008FA782 /* Debug */,
				607FACEE1AFB9204008FA782 /* Release */,
			);
			defaultConfigurationIsVisible = 0;
			defaultConfigurationName = Release;
		};
		607FACEF1AFB9204008FA782 /* Build configuration list for PBXNativeTarget "StepperView_Example" */ = {
			isa = XCConfigurationList;
			buildConfigurations = (
				607FACF01AFB9204008FA782 /* Debug */,
				607FACF11AFB9204008FA782 /* Release */,
			);
			defaultConfigurationIsVisible = 0;
			defaultConfigurationName = Release;
		};
		607FACF21AFB9204008FA782 /* Build configuration list for PBXNativeTarget "StepperView_Tests" */ = {
			isa = XCConfigurationList;
			buildConfigurations = (
				607FACF31AFB9204008FA782 /* Debug */,
				607FACF41AFB9204008FA782 /* Release */,
			);
			defaultConfigurationIsVisible = 0;
			defaultConfigurationName = Release;
		};
/* End XCConfigurationList section */
	};
	rootObject = 607FACC81AFB9204008FA782 /* Project object */;
}
